{
  "name": "ts",
  "version": "1.0.0",
  "lockfileVersion": 1,
  "requires": true,
  "dependencies": {
    "phina.js.d.ts": {
      "version": "github:negiwine/phina.js.d.ts#0880fb8ce52b79ee52c6b730596fac045fb64c3b",
      "from": "github:negiwine/phina.js.d.ts"
    },
    "typescript": {
      "version": "3.4.5",
      "resolved": "https://registry.npmjs.org/typescript/-/typescript-3.4.5.tgz",
      "integrity": "sha512-YycBxUb49UUhdNMU5aJ7z5Ej2XGmaIBL0x34vZ82fn3hGvD+bgrMrVDpatgz2f7YxUMJxMkbWxJZeAvDxVe7Vw==",
      "dev": true
    }
  }
}
